// !$*UTF8*$!
{
	archiveVersion = 1;
	classes = {
	};
	objectVersion = 56;
	objects = {

/* Begin PBXBuildFile section */
		67527E042BBC5F7200EE2118 /* AppDelegate.swift in Sources */ = {isa = PBXBuildFile; fileRef = 67527E032BBC5F7200EE2118 /* AppDelegate.swift */; };
		67527E062BBC5F7200EE2118 /* SceneDelegate.swift in Sources */ = {isa = PBXBuildFile; fileRef = 67527E052BBC5F7200EE2118 /* SceneDelegate.swift */; };
		67527E082BBC5F7200EE2118 /* SearchViewController.swift in Sources */ = {isa = PBXBuildFile; fileRef = 67527E072BBC5F7200EE2118 /* SearchViewController.swift */; };
		67527E0B2BBC5F7200EE2118 /* Main.storyboard in Resources */ = {isa = PBXBuildFile; fileRef = 67527E092BBC5F7200EE2118 /* Main.storyboard */; };
		67527E0D2BBC5F7300EE2118 /* Assets.xcassets in Resources */ = {isa = PBXBuildFile; fileRef = 67527E0C2BBC5F7300EE2118 /* Assets.xcassets */; };
		67527E102BBC5F7300EE2118 /* LaunchScreen.storyboard in Resources */ = {isa = PBXBuildFile; fileRef = 67527E0E2BBC5F7300EE2118 /* LaunchScreen.storyboard */; };
		67527E1B2BBC5F7300EE2118 /* AppStationTests.swift in Sources */ = {isa = PBXBuildFile; fileRef = 67527E1A2BBC5F7300EE2118 /* AppStationTests.swift */; };
		67527E252BBC5F7300EE2118 /* AppStationUITests.swift in Sources */ = {isa = PBXBuildFile; fileRef = 67527E242BBC5F7300EE2118 /* AppStationUITests.swift */; };
		67527E272BBC5F7300EE2118 /* AppStationUITestsLaunchTests.swift in Sources */ = {isa = PBXBuildFile; fileRef = 67527E262BBC5F7300EE2118 /* AppStationUITestsLaunchTests.swift */; };
		679E64C92BBEDFBD00820FD2 /* MapViewController.swift in Sources */ = {isa = PBXBuildFile; fileRef = 679E64C82BBEDFBD00820FD2 /* MapViewController.swift */; };
		679E64CB2BBEE44900820FD2 /* ProfilViewController.swift in Sources */ = {isa = PBXBuildFile; fileRef = 679E64CA2BBEE44900820FD2 /* ProfilViewController.swift */; };
/* End PBXBuildFile section */

/* Begin PBXContainerItemProxy section */
		67527E172BBC5F7300EE2118 /* PBXContainerItemProxy */ = {
			isa = PBXContainerItemProxy;
			containerPortal = 67527DF82BBC5F7200EE2118 /* Project object */;
			proxyType = 1;
			remoteGlobalIDString = 67527DFF2BBC5F7200EE2118;
			remoteInfo = AppStation;
		};
		67527E212BBC5F7300EE2118 /* PBXContainerItemProxy */ = {
			isa = PBXContainerItemProxy;
			containerPortal = 67527DF82BBC5F7200EE2118 /* Project object */;
			proxyType = 1;
			remoteGlobalIDString = 67527DFF2BBC5F7200EE2118;
			remoteInfo = AppStation;
		};
/* End PBXContainerItemProxy section */

/* Begin PBXFileReference section */
		67527E002BBC5F7200EE2118 /* AppStation.app */ = {isa = PBXFileReference; explicitFileType = wrapper.application; includeInIndex = 0; path = AppStation.app; sourceTree = BUILT_PRODUCTS_DIR; };
		67527E032BBC5F7200EE2118 /* AppDelegate.swift */ = {isa = PBXFileReference; lastKnownFileType = sourcecode.swift; path = AppDelegate.swift; sourceTree = "<group>"; };
		67527E052BBC5F7200EE2118 /* SceneDelegate.swift */ = {isa = PBXFileReference; lastKnownFileType = sourcecode.swift; path = SceneDelegate.swift; sourceTree = "<group>"; };
		67527E072BBC5F7200EE2118 /* SearchViewController.swift */ = {isa = PBXFileReference; lastKnownFileType = sourcecode.swift; path = SearchViewController.swift; sourceTree = "<group>"; };
		67527E0A2BBC5F7200EE2118 /* Base */ = {isa = PBXFileReference; lastKnownFileType = file.storyboard; name = Base; path = Base.lproj/Main.storyboard; sourceTree = "<group>"; };
		67527E0C2BBC5F7300EE2118 /* Assets.xcassets */ = {isa = PBXFileReference; lastKnownFileType = folder.assetcatalog; path = Assets.xcassets; sourceTree = "<group>"; };
		67527E0F2BBC5F7300EE2118 /* Base */ = {isa = PBXFileReference; lastKnownFileType = file.storyboard; name = Base; path = Base.lproj/LaunchScreen.storyboard; sourceTree = "<group>"; };
		67527E112BBC5F7300EE2118 /* Info.plist */ = {isa = PBXFileReference; lastKnownFileType = text.plist.xml; path = Info.plist; sourceTree = "<group>"; };
		67527E162BBC5F7300EE2118 /* AppStationTests.xctest */ = {isa = PBXFileReference; explicitFileType = wrapper.cfbundle; includeInIndex = 0; path = AppStationTests.xctest; sourceTree = BUILT_PRODUCTS_DIR; };
		67527E1A2BBC5F7300EE2118 /* AppStationTests.swift */ = {isa = PBXFileReference; lastKnownFileType = sourcecode.swift; path = AppStationTests.swift; sourceTree = "<group>"; };
		67527E202BBC5F7300EE2118 /* AppStationUITests.xctest */ = {isa = PBXFileReference; explicitFileType = wrapper.cfbundle; includeInIndex = 0; path = AppStationUITests.xctest; sourceTree = BUILT_PRODUCTS_DIR; };
		67527E242BBC5F7300EE2118 /* AppStationUITests.swift */ = {isa = PBXFileReference; lastKnownFileType = sourcecode.swift; path = AppStationUITests.swift; sourceTree = "<group>"; };
		67527E262BBC5F7300EE2118 /* AppStationUITestsLaunchTests.swift */ = {isa = PBXFileReference; lastKnownFileType = sourcecode.swift; path = AppStationUITestsLaunchTests.swift; sourceTree = "<group>"; };
		679E64C82BBEDFBD00820FD2 /* MapViewController.swift */ = {isa = PBXFileReference; lastKnownFileType = sourcecode.swift; path = MapViewController.swift; sourceTree = "<group>"; };
		679E64CA2BBEE44900820FD2 /* ProfilViewController.swift */ = {isa = PBXFileReference; lastKnownFileType = sourcecode.swift; path = ProfilViewController.swift; sourceTree = "<group>"; };
/* End PBXFileReference section */

/* Begin PBXFrameworksBuildPhase section */
		67527DFD2BBC5F7200EE2118 /* Frameworks */ = {
			isa = PBXFrameworksBuildPhase;
			buildActionMask = 2147483647;
			files = (
			);
			runOnlyForDeploymentPostprocessing = 0;
		};
		67527E132BBC5F7300EE2118 /* Frameworks */ = {
			isa = PBXFrameworksBuildPhase;
			buildActionMask = 2147483647;
			files = (
			);
			runOnlyForDeploymentPostprocessing = 0;
		};
		67527E1D2BBC5F7300EE2118 /* Frameworks */ = {
			isa = PBXFrameworksBuildPhase;
			buildActionMask = 2147483647;
			files = (
			);
			runOnlyForDeploymentPostprocessing = 0;
		};
/* End PBXFrameworksBuildPhase section */

/* Begin PBXGroup section */
		67527DF72BBC5F7200EE2118 = {
			isa = PBXGroup;
			children = (
				67527E022BBC5F7200EE2118 /* AppStation */,
				67527E192BBC5F7300EE2118 /* AppStationTests */,
				67527E232BBC5F7300EE2118 /* AppStationUITests */,
				67527E012BBC5F7200EE2118 /* Products */,
			);
			sourceTree = "<group>";
		};
		67527E012BBC5F7200EE2118 /* Products */ = {
			isa = PBXGroup;
			children = (
				67527E002BBC5F7200EE2118 /* AppStation.app */,
				67527E162BBC5F7300EE2118 /* AppStationTests.xctest */,
				67527E202BBC5F7300EE2118 /* AppStationUITests.xctest */,
			);
			name = Products;
			sourceTree = "<group>";
		};
		67527E022BBC5F7200EE2118 /* AppStation */ = {
			isa = PBXGroup;
			children = (
				67527E032BBC5F7200EE2118 /* AppDelegate.swift */,
				67527E052BBC5F7200EE2118 /* SceneDelegate.swift */,
				67527E072BBC5F7200EE2118 /* SearchViewController.swift */,
				67527E092BBC5F7200EE2118 /* Main.storyboard */,
				67527E0C2BBC5F7300EE2118 /* Assets.xcassets */,
				67527E0E2BBC5F7300EE2118 /* LaunchScreen.storyboard */,
				67527E112BBC5F7300EE2118 /* Info.plist */,
				679E64C82BBEDFBD00820FD2 /* MapViewController.swift */,
				679E64CA2BBEE44900820FD2 /* ProfilViewController.swift */,
			);
			path = AppStation;
			sourceTree = "<group>";
		};
		67527E192BBC5F7300EE2118 /* AppStationTests */ = {
			isa = PBXGroup;
			children = (
				67527E1A2BBC5F7300EE2118 /* AppStationTests.swift */,
			);
			path = AppStationTests;
			sourceTree = "<group>";
		};
		67527E232BBC5F7300EE2118 /* AppStationUITests */ = {
			isa = PBXGroup;
			children = (
				67527E242BBC5F7300EE2118 /* AppStationUITests.swift */,
				67527E262BBC5F7300EE2118 /* AppStationUITestsLaunchTests.swift */,
			);
			path = AppStationUITests;
			sourceTree = "<group>";
		};
/* End PBXGroup section */

/* Begin PBXNativeTarget section */
		67527DFF2BBC5F7200EE2118 /* AppStation */ = {
			isa = PBXNativeTarget;
			buildConfigurationList = 67527E2A2BBC5F7300EE2118 /* Build configuration list for PBXNativeTarget "AppStation" */;
			buildPhases = (
				67527DFC2BBC5F7200EE2118 /* Sources */,
				67527DFD2BBC5F7200EE2118 /* Frameworks */,
				67527DFE2BBC5F7200EE2118 /* Resources */,
			);
			buildRules = (
			);
			dependencies = (
			);
			name = AppStation;
			productName = AppStation;
			productReference = 67527E002BBC5F7200EE2118 /* AppStation.app */;
			productType = "com.apple.product-type.application";
		};
		67527E152BBC5F7300EE2118 /* AppStationTests */ = {
			isa = PBXNativeTarget;
			buildConfigurationList = 67527E2D2BBC5F7300EE2118 /* Build configuration list for PBXNativeTarget "AppStationTests" */;
			buildPhases = (
				67527E122BBC5F7300EE2118 /* Sources */,
				67527E132BBC5F7300EE2118 /* Frameworks */,
				67527E142BBC5F7300EE2118 /* Resources */,
			);
			buildRules = (
			);
			dependencies = (
				67527E182BBC5F7300EE2118 /* PBXTargetDependency */,
			);
			name = AppStationTests;
			productName = AppStationTests;
			productReference = 67527E162BBC5F7300EE2118 /* AppStationTests.xctest */;
			productType = "com.apple.product-type.bundle.unit-test";
		};
		67527E1F2BBC5F7300EE2118 /* AppStationUITests */ = {
			isa = PBXNativeTarget;
			buildConfigurationList = 67527E302BBC5F7300EE2118 /* Build configuration list for PBXNativeTarget "AppStationUITests" */;
			buildPhases = (
				67527E1C2BBC5F7300EE2118 /* Sources */,
				67527E1D2BBC5F7300EE2118 /* Frameworks */,
				67527E1E2BBC5F7300EE2118 /* Resources */,
			);
			buildRules = (
			);
			dependencies = (
				67527E222BBC5F7300EE2118 /* PBXTargetDependency */,
			);
			name = AppStationUITests;
			productName = AppStationUITests;
			productReference = 67527E202BBC5F7300EE2118 /* AppStationUITests.xctest */;
			productType = "com.apple.product-type.bundle.ui-testing";
		};
/* End PBXNativeTarget section */

/* Begin PBXProject section */
		67527DF82BBC5F7200EE2118 /* Project object */ = {
			isa = PBXProject;
			attributes = {
				BuildIndependentTargetsInParallel = 1;
				LastSwiftUpdateCheck = 1430;
				LastUpgradeCheck = 1520;
				TargetAttributes = {
					67527DFF2BBC5F7200EE2118 = {
						CreatedOnToolsVersion = 14.3;
						LastSwiftMigration = 1520;
					};
					67527E152BBC5F7300EE2118 = {
						CreatedOnToolsVersion = 14.3;
						TestTargetID = 67527DFF2BBC5F7200EE2118;
					};
					67527E1F2BBC5F7300EE2118 = {
						CreatedOnToolsVersion = 14.3;
						TestTargetID = 67527DFF2BBC5F7200EE2118;
					};
				};
			};
			buildConfigurationList = 67527DFB2BBC5F7200EE2118 /* Build configuration list for PBXProject "AppStation" */;
			compatibilityVersion = "Xcode 14.0";
			developmentRegion = en;
			hasScannedForEncodings = 0;
			knownRegions = (
				en,
				Base,
			);
			mainGroup = 67527DF72BBC5F7200EE2118;
			productRefGroup = 67527E012BBC5F7200EE2118 /* Products */;
			projectDirPath = "";
			projectRoot = "";
			targets = (
				67527DFF2BBC5F7200EE2118 /* AppStation */,
				67527E152BBC5F7300EE2118 /* AppStationTests */,
				67527E1F2BBC5F7300EE2118 /* AppStationUITests */,
			);
		};
/* End PBXProject section */

/* Begin PBXResourcesBuildPhase section */
		67527DFE2BBC5F7200EE2118 /* Resources */ = {
			isa = PBXResourcesBuildPhase;
			buildActionMask = 2147483647;
			files = (
				67527E102BBC5F7300EE2118 /* LaunchScreen.storyboard in Resources */,
				67527E0D2BBC5F7300EE2118 /* Assets.xcassets in Resources */,
				67527E0B2BBC5F7200EE2118 /* Main.storyboard in Resources */,
			);
			runOnlyForDeploymentPostprocessing = 0;
		};
		67527E142BBC5F7300EE2118 /* Resources */ = {
			isa = PBXResourcesBuildPhase;
			buildActionMask = 2147483647;
			files = (
			);
			runOnlyForDeploymentPostprocessing = 0;
		};
		67527E1E2BBC5F7300EE2118 /* Resources */ = {
			isa = PBXResourcesBuildPhase;
			buildActionMask = 2147483647;
			files = (
			);
			runOnlyForDeploymentPostprocessing = 0;
		};
/* End PBXResourcesBuildPhase section */

/* Begin PBXSourcesBuildPhase section */
		67527DFC2BBC5F7200EE2118 /* Sources */ = {
			isa = PBXSourcesBuildPhase;
			buildActionMask = 2147483647;
			files = (
				67527E082BBC5F7200EE2118 /* SearchViewController.swift in Sources */,
				679E64CB2BBEE44900820FD2 /* ProfilViewController.swift in Sources */,
				67527E042BBC5F7200EE2118 /* AppDelegate.swift in Sources */,
				67527E062BBC5F7200EE2118 /* SceneDelegate.swift in Sources */,
				679E64C92BBEDFBD00820FD2 /* MapViewController.swift in Sources */,
			);
			runOnlyForDeploymentPostprocessing = 0;
		};
		67527E122BBC5F7300EE2118 /* Sources */ = {
			isa = PBXSourcesBuildPhase;
			buildActionMask = 2147483647;
			files = (
				67527E1B2BBC5F7300EE2118 /* AppStationTests.swift in Sources */,
			);
			runOnlyForDeploymentPostprocessing = 0;
		};
		67527E1C2BBC5F7300EE2118 /* Sources */ = {
			isa = PBXSourcesBuildPhase;
			buildActionMask = 2147483647;
			files = (
				67527E252BBC5F7300EE2118 /* AppStationUITests.swift in Sources */,
				67527E272BBC5F7300EE2118 /* AppStationUITestsLaunchTests.swift in Sources */,
			);
			runOnlyForDeploymentPostprocessing = 0;
		};
/* End PBXSourcesBuildPhase section */

/* Begin PBXTargetDependency section */
		67527E182BBC5F7300EE2118 /* PBXTargetDependency */ = {
			isa = PBXTargetDependency;
			target = 67527DFF2BBC5F7200EE2118 /* AppStation */;
			targetProxy = 67527E172BBC5F7300EE2118 /* PBXContainerItemProxy */;
		};
		67527E222BBC5F7300EE2118 /* PBXTargetDependency */ = {
			isa = PBXTargetDependency;
			target = 67527DFF2BBC5F7200EE2118 /* AppStation */;
			targetProxy = 67527E212BBC5F7300EE2118 /* PBXContainerItemProxy */;
		};
/* End PBXTargetDependency section */

/* Begin PBXVariantGroup section */
		67527E092BBC5F7200EE2118 /* Main.storyboard */ = {
			isa = PBXVariantGroup;
			children = (
				67527E0A2BBC5F7200EE2118 /* Base */,
			);
			name = Main.storyboard;
			sourceTree = "<group>";
		};
		67527E0E2BBC5F7300EE2118 /* LaunchScreen.storyboard */ = {
			isa = PBXVariantGroup;
			children = (
				67527E0F2BBC5F7300EE2118 /* Base */,
			);
			name = LaunchScreen.storyboard;
			sourceTree = "<group>";
		};
/* End PBXVariantGroup section */

/* Begin XCBuildConfiguration section */
		67527E282BBC5F7300EE2118 /* Debug */ = {
			isa = XCBuildConfiguration;
			buildSettings = {
				ALWAYS_SEARCH_USER_PATHS = NO;
				CLANG_ANALYZER_NONNULL = YES;
				CLANG_ANALYZER_NUMBER_OBJECT_CONVERSION = YES_AGGRESSIVE;
				CLANG_CXX_LANGUAGE_STANDARD = "gnu++20";
				CLANG_ENABLE_MODULES = YES;
				CLANG_ENABLE_OBJC_ARC = YES;
				CLANG_ENABLE_OBJC_WEAK = YES;
				CLANG_WARN_BLOCK_CAPTURE_AUTORELEASING = YES;
				CLANG_WARN_BOOL_CONVERSION = YES;
				CLANG_WARN_COMMA = YES;
				CLANG_WARN_CONSTANT_CONVERSION = YES;
				CLANG_WARN_DEPRECATED_OBJC_IMPLEMENTATIONS = YES;
				CLANG_WARN_DIRECT_OBJC_ISA_USAGE = YES_ERROR;
				CLANG_WARN_DOCUMENTATION_COMMENTS = YES;
				CLANG_WARN_EMPTY_BODY = YES;
				CLANG_WARN_ENUM_CONVERSION = YES;
				CLANG_WARN_INFINITE_RECURSION = YES;
				CLANG_WARN_INT_CONVERSION = YES;
				CLANG_WARN_NON_LITERAL_NULL_CONVERSION = YES;
				CLANG_WARN_OBJC_IMPLICIT_RETAIN_SELF = YES;
				CLANG_WARN_OBJC_LITERAL_CONVERSION = YES;
				CLANG_WARN_OBJC_ROOT_CLASS = YES_ERROR;
				CLANG_WARN_QUOTED_INCLUDE_IN_FRAMEWORK_HEADER = YES;
				CLANG_WARN_RANGE_LOOP_ANALYSIS = YES;
				CLANG_WARN_STRICT_PROTOTYPES = YES;
				CLANG_WARN_SUSPICIOUS_MOVE = YES;
				CLANG_WARN_UNGUARDED_AVAILABILITY = YES_AGGRESSIVE;
				CLANG_WARN_UNREACHABLE_CODE = YES;
				CLANG_WARN__DUPLICATE_METHOD_MATCH = YES;
				COPY_PHASE_STRIP = NO;
				DEBUG_INFORMATION_FORMAT = dwarf;
				ENABLE_STRICT_OBJC_MSGSEND = YES;
				ENABLE_TESTABILITY = YES;
				ENABLE_USER_SCRIPT_SANDBOXING = YES;
				GCC_C_LANGUAGE_STANDARD = gnu11;
				GCC_DYNAMIC_NO_PIC = NO;
				GCC_NO_COMMON_BLOCKS = YES;
				GCC_OPTIMIZATION_LEVEL = 0;
				GCC_PREPROCESSOR_DEFINITIONS = (
					"DEBUG=1",
					"$(inherited)",
				);
				GCC_WARN_64_TO_32_BIT_CONVERSION = YES;
				GCC_WARN_ABOUT_RETURN_TYPE = YES_ERROR;
				GCC_WARN_UNDECLARED_SELECTOR = YES;
				GCC_WARN_UNINITIALIZED_AUTOS = YES_AGGRESSIVE;
				GCC_WARN_UNUSED_FUNCTION = YES;
				GCC_WARN_UNUSED_VARIABLE = YES;
				IPHONEOS_DEPLOYMENT_TARGET = 15.5;
				MTL_ENABLE_DEBUG_INFO = INCLUDE_SOURCE;
				MTL_FAST_MATH = YES;
				ONLY_ACTIVE_ARCH = YES;
				SDKROOT = iphoneos;
				SWIFT_ACTIVE_COMPILATION_CONDITIONS = DEBUG;
				SWIFT_OPTIMIZATION_LEVEL = "-Onone";
			};
			name = Debug;
		};
		67527E292BBC5F7300EE2118 /* Release */ = {
			isa = XCBuildConfiguration;
			buildSettings = {
				ALWAYS_SEARCH_USER_PATHS = NO;
				CLANG_ANALYZER_NONNULL = YES;
				CLANG_ANALYZER_NUMBER_OBJECT_CONVERSION = YES_AGGRESSIVE;
				CLANG_CXX_LANGUAGE_STANDARD = "gnu++20";
				CLANG_ENABLE_MODULES = YES;
				CLANG_ENABLE_OBJC_ARC = YES;
				CLANG_ENABLE_OBJC_WEAK = YES;
				CLANG_WARN_BLOCK_CAPTURE_AUTORELEASING = YES;
				CLANG_WARN_BOOL_CONVERSION = YES;
				CLANG_WARN_COMMA = YES;
				CLANG_WARN_CONSTANT_CONVERSION = YES;
				CLANG_WARN_DEPRECATED_OBJC_IMPLEMENTATIONS = YES;
				CLANG_WARN_DIRECT_OBJC_ISA_USAGE = YES_ERROR;
				CLANG_WARN_DOCUMENTATION_COMMENTS = YES;
				CLANG_WARN_EMPTY_BODY = YES;
				CLANG_WARN_ENUM_CONVERSION = YES;
				CLANG_WARN_INFINITE_RECURSION = YES;
				CLANG_WARN_INT_CONVERSION = YES;
				CLANG_WARN_NON_LITERAL_NULL_CONVERSION = YES;
				CLANG_WARN_OBJC_IMPLICIT_RETAIN_SELF = YES;
				CLANG_WARN_OBJC_LITERAL_CONVERSION = YES;
				CLANG_WARN_OBJC_ROOT_CLASS = YES_ERROR;
				CLANG_WARN_QUOTED_INCLUDE_IN_FRAMEWORK_HEADER = YES;
				CLANG_WARN_RANGE_LOOP_ANALYSIS = YES;
				CLANG_WARN_STRICT_PROTOTYPES = YES;
				CLANG_WARN_SUSPICIOUS_MOVE = YES;
				CLANG_WARN_UNGUARDED_AVAILABILITY = YES_AGGRESSIVE;
				CLANG_WARN_UNREACHABLE_CODE = YES;
				CLANG_WARN__DUPLICATE_METHOD_MATCH = YES;
				COPY_PHASE_STRIP = NO;
				DEBUG_INFORMATION_FORMAT = "dwarf-with-dsym";
				ENABLE_NS_ASSERTIONS = NO;
				ENABLE_STRICT_OBJC_MSGSEND = YES;
				ENABLE_USER_SCRIPT_SANDBOXING = YES;
				GCC_C_LANGUAGE_STANDARD = gnu11;
				GCC_NO_COMMON_BLOCKS = YES;
				GCC_WARN_64_TO_32_BIT_CONVERSION = YES;
				GCC_WARN_ABOUT_RETURN_TYPE = YES_ERROR;
				GCC_WARN_UNDECLARED_SELECTOR = YES;
				GCC_WARN_UNINITIALIZED_AUTOS = YES_AGGRESSIVE;
				GCC_WARN_UNUSED_FUNCTION = YES;
				GCC_WARN_UNUSED_VARIABLE = YES;
				IPHONEOS_DEPLOYMENT_TARGET = 15.5;
				MTL_ENABLE_DEBUG_INFO = NO;
				MTL_FAST_MATH = YES;
				SDKROOT = iphoneos;
				SWIFT_COMPILATION_MODE = wholemodule;
				SWIFT_OPTIMIZATION_LEVEL = "-O";
				VALIDATE_PRODUCT = YES;
			};
			name = Release;
		};
		67527E2B2BBC5F7300EE2118 /* Debug */ = {
			isa = XCBuildConfiguration;
			buildSettings = {
				ASSETCATALOG_COMPILER_APPICON_NAME = AppIcon;
				ASSETCATALOG_COMPILER_GLOBAL_ACCENT_COLOR_NAME = AccentColor;
				CLANG_ENABLE_MODULES = YES;
				CODE_SIGN_STYLE = Automatic;
				CURRENT_PROJECT_VERSION = 1;
				GENERATE_INFOPLIST_FILE = YES;
				INFOPLIST_FILE = AppStation/Info.plist;
				INFOPLIST_KEY_UIApplicationSupportsIndirectInputEvents = YES;
				INFOPLIST_KEY_UILaunchStoryboardName = LaunchScreen;
				INFOPLIST_KEY_UIMainStoryboardFile = Main;
				INFOPLIST_KEY_UISupportedInterfaceOrientations_iPad = "UIInterfaceOrientationPortrait UIInterfaceOrientationPortraitUpsideDown UIInterfaceOrientationLandscapeLeft UIInterfaceOrientationLandscapeRight";
				INFOPLIST_KEY_UISupportedInterfaceOrientations_iPhone = "UIInterfaceOrientationPortrait UIInterfaceOrientationLandscapeLeft UIInterfaceOrientationLandscapeRight";
				LD_RUNPATH_SEARCH_PATHS = (
					"$(inherited)",
					"@executable_path/Frameworks",
				);
				MARKETING_VERSION = 1.0;
				PRODUCT_BUNDLE_IDENTIFIER = ICOM.AppStation;
				PRODUCT_NAME = "$(TARGET_NAME)";
				SWIFT_EMIT_LOC_STRINGS = YES;
				SWIFT_OPTIMIZATION_LEVEL = "-Onone";
				SWIFT_VERSION = 5.0;
				TARGETED_DEVICE_FAMILY = "1,2";
			};
			name = Debug;
		};
		67527E2C2BBC5F7300EE2118 /* Release */ = {
			isa = XCBuildConfiguration;
			buildSettings = {
				ASSETCATALOG_COMPILER_APPICON_NAME = AppIcon;
				ASSETCATALOG_COMPILER_GLOBAL_ACCENT_COLOR_NAME = AccentColor;
				CLANG_ENABLE_MODULES = YES;
				CODE_SIGN_STYLE = Automatic;
				CURRENT_PROJECT_VERSION = 1;
				GENERATE_INFOPLIST_FILE = YES;
				INFOPLIST_FILE = AppStation/Info.plist;
				INFOPLIST_KEY_UIApplicationSupportsIndirectInputEvents = YES;
				INFOPLIST_KEY_UILaunchStoryboardName = LaunchScreen;
				INFOPLIST_KEY_UIMainStoryboardFile = Main;
				INFOPLIST_KEY_UISupportedInterfaceOrientations_iPad = "UIInterfaceOrientationPortrait UIInterfaceOrientationPortraitUpsideDown UIInterfaceOrientationLandscapeLeft UIInterfaceOrientationLandscapeRight";
				INFOPLIST_KEY_UISupportedInterfaceOrientations_iPhone = "UIInterfaceOrientationPortrait UIInterfaceOrientationLandscapeLeft UIInterfaceOrientationLandscapeRight";
				LD_RUNPATH_SEARCH_PATHS = (
					"$(inherited)",
					"@executable_path/Frameworks",
				);
				MARKETING_VERSION = 1.0;
				PRODUCT_BUNDLE_IDENTIFIER = ICOM.AppStation;
				PRODUCT_NAME = "$(TARGET_NAME)";
				SWIFT_EMIT_LOC_STRINGS = YES;
				SWIFT_VERSION = 5.0;
				TARGETED_DEVICE_FAMILY = "1,2";
			};
			name = Release;
		};
		67527E2E2BBC5F7300EE2118 /* Debug */ = {
			isa = XCBuildConfiguration;
			buildSettings = {
				ALWAYS_EMBED_SWIFT_STANDARD_LIBRARIES = YES;
				BUNDLE_LOADER = "$(TEST_HOST)";
				CODE_SIGN_STYLE = Automatic;
				CURRENT_PROJECT_VERSION = 1;
				GENERATE_INFOPLIST_FILE = YES;
				IPHONEOS_DEPLOYMENT_TARGET = 16.4;
				MARKETING_VERSION = 1.0;
				PRODUCT_BUNDLE_IDENTIFIER = ICOM.AppStationTests;
				PRODUCT_NAME = "$(TARGET_NAME)";
				SWIFT_EMIT_LOC_STRINGS = NO;
				SWIFT_VERSION = 5.0;
				TARGETED_DEVICE_FAMILY = "1,2";
				TEST_HOST = "$(BUILT_PRODUCTS_DIR)/AppStation.app/$(BUNDLE_EXECUTABLE_FOLDER_PATH)/AppStation";
			};
			name = Debug;
		};
		67527E2F2BBC5F7300EE2118 /* Release */ = {
			isa = XCBuildConfiguration;
			buildSettings = {
				ALWAYS_EMBED_SWIFT_STANDARD_LIBRARIES = YES;
				BUNDLE_LOADER = "$(TEST_HOST)";
				CODE_SIGN_STYLE = Automatic;
				CURRENT_PROJECT_VERSION = 1;
				GENERATE_INFOPLIST_FILE = YES;
				IPHONEOS_DEPLOYMENT_TARGET = 16.4;
				MARKETING_VERSION = 1.0;
				PRODUCT_BUNDLE_IDENTIFIER = ICOM.AppStationTests;
				PRODUCT_NAME = "$(TARGET_NAME)";
				SWIFT_EMIT_LOC_STRINGS = NO;
				SWIFT_VERSION = 5.0;
				TARGETED_DEVICE_FAMILY = "1,2";
				TEST_HOST = "$(BUILT_PRODUCTS_DIR)/AppStation.app/$(BUNDLE_EXECUTABLE_FOLDER_PATH)/AppStation";
			};
			name = Release;
		};
		67527E312BBC5F7300EE2118 /* Debug */ = {
			isa = XCBuildConfiguration;
			buildSettings = {
				ALWAYS_EMBED_SWIFT_STANDARD_LIBRARIES = YES;
				CODE_SIGN_STYLE = Automatic;
				CURRENT_PROJECT_VERSION = 1;
				GENERATE_INFOPLIST_FILE = YES;
				MARKETING_VERSION = 1.0;
				PRODUCT_BUNDLE_IDENTIFIER = ICOM.AppStationUITests;
				PRODUCT_NAME = "$(TARGET_NAME)";
				SWIFT_EMIT_LOC_STRINGS = NO;
				SWIFT_VERSION = 5.0;
				TARGETED_DEVICE_FAMILY = "1,2";
				TEST_TARGET_NAME = AppStation;
			};
			name = Debug;
		};
		67527E322BBC5F7300EE2118 /* Release */ = {
			isa = XCBuildConfiguration;
			buildSettings = {
				ALWAYS_EMBED_SWIFT_STANDARD_LIBRARIES = YES;
				CODE_SIGN_STYLE = Automatic;
				CURRENT_PROJECT_VERSION = 1;
				GENERATE_INFOPLIST_FILE = YES;
				MARKETING_VERSION = 1.0;
				PRODUCT_BUNDLE_IDENTIFIER = ICOM.AppStationUITests;
				PRODUCT_NAME = "$(TARGET_NAME)";
				SWIFT_EMIT_LOC_STRINGS = NO;
				SWIFT_VERSION = 5.0;
				TARGETED_DEVICE_FAMILY = "1,2";
				TEST_TARGET_NAME = AppStation;
			};
			name = Release;
		};
/* End XCBuildConfiguration section */

/* Begin XCConfigurationList section */
		67527DFB2BBC5F7200EE2118 /* Build configuration list for PBXProject "AppStation" */ = {
			isa = XCConfigurationList;
			buildConfigurations = (
				67527E282BBC5F7300EE2118 /* Debug */,
				67527E292BBC5F7300EE2118 /* Release */,
			);
			defaultConfigurationIsVisible = 0;
			defaultConfigurationName = Release;
		};
		67527E2A2BBC5F7300EE2118 /* Build configuration list for PBXNativeTarget "AppStation" */ = {
			isa = XCConfigurationList;
			buildConfigurations = (
				67527E2B2BBC5F7300EE2118 /* Debug */,
				67527E2C2BBC5F7300EE2118 /* Release */,
			);
			defaultConfigurationIsVisible = 0;
			defaultConfigurationName = Release;
		};
		67527E2D2BBC5F7300EE2118 /* Build configuration list for PBXNativeTarget "AppStationTests" */ = {
			isa = XCConfigurationList;
			buildConfigurations = (
				67527E2E2BBC5F7300EE2118 /* Debug */,
				67527E2F2BBC5F7300EE2118 /* Release */,
			);
			defaultConfigurationIsVisible = 0;
			defaultConfigurationName = Release;
		};
		67527E302BBC5F7300EE2118 /* Build configuration list for PBXNativeTarget "AppStationUITests" */ = {
			isa = XCConfigurationList;
			buildConfigurations = (
				67527E312BBC5F7300EE2118 /* Debug */,
				67527E322BBC5F7300EE2118 /* Release */,
			);
			defaultConfigurationIsVisible = 0;
			defaultConfigurationName = Release;
		};
/* End XCConfigurationList section */
	};
	rootObject = 67527DF82BBC5F7200EE2118 /* Project object */;
}
